// !$*UTF8*$!
{
	archiveVersion = 1;
	classes = {
	};
	objectVersion = 50;
	objects = {

/* Begin PBXBuildFile section */
		52C2EC3724CB7F7200A32784 /* main.cpp in Sources */ = {isa = PBXBuildFile; fileRef = 52C2EC3624CB7F7200A32784 /* main.cpp */; };
		52C2EC4224CB800600A32784 /* Account.cpp in Sources */ = {isa = PBXBuildFile; fileRef = 52C2EC4124CB800600A32784 /* Account.cpp */; };
		52C2EC4424CB801000A32784 /* Checking.cpp in Sources */ = {isa = PBXBuildFile; fileRef = 52C2EC4324CB801000A32784 /* Checking.cpp */; };
		52C2EC4624CB801900A32784 /* Saving.cpp in Sources */ = {isa = PBXBuildFile; fileRef = 52C2EC4524CB801900A32784 /* Saving.cpp */; };
		52C2EC4824CB802200A32784 /* Trust.cpp in Sources */ = {isa = PBXBuildFile; fileRef = 52C2EC4724CB802200A32784 /* Trust.cpp */; };
/* End PBXBuildFile section */

/* Begin PBXCopyFilesBuildPhase section */
		52C2EC3124CB7F7200A32784 /* CopyFiles */ = {
			isa = PBXCopyFilesBuildPhase;
			buildActionMask = 2147483647;
			dstPath = /usr/share/man/man1/;
			dstSubfolderSpec = 0;
			files = (
			);
			runOnlyForDeploymentPostprocessing = 1;
		};
/* End PBXCopyFilesBuildPhase section */

/* Begin PBXFileReference section */
		52C2EC3324CB7F7200A32784 /* 13.1-Virtual */ = {isa = PBXFileReference; explicitFileType = "compiled.mach-o.executable"; includeInIndex = 0; path = "13.1-Virtual"; sourceTree = BUILT_PRODUCTS_DIR; };
		52C2EC3624CB7F7200A32784 /* main.cpp */ = {isa = PBXFileReference; lastKnownFileType = sourcecode.cpp.cpp; path = main.cpp; sourceTree = "<group>"; };
		52C2EC3D24CB7FE000A32784 /* Account.h */ = {isa = PBXFileReference; lastKnownFileType = sourcecode.c.h; path = Account.h; sourceTree = "<group>"; };
		52C2EC3E24CB7FEC00A32784 /* Checking.h */ = {isa = PBXFileReference; lastKnownFileType = sourcecode.c.h; path = Checking.h; sourceTree = "<group>"; };
		52C2EC3F24CB7FF500A32784 /* Saving.h */ = {isa = PBXFileReference; lastKnownFileType = sourcecode.c.h; path = Saving.h; sourceTree = "<group>"; };
		52C2EC4024CB7FFC00A32784 /* Trust.h */ = {isa = PBXFileReference; lastKnownFileType = sourcecode.c.h; path = Trust.h; sourceTree = "<group>"; };
		52C2EC4124CB800600A32784 /* Account.cpp */ = {isa = PBXFileReference; lastKnownFileType = sourcecode.cpp.cpp; path = Account.cpp; sourceTree = "<group>"; };
		52C2EC4324CB801000A32784 /* Checking.cpp */ = {isa = PBXFileReference; lastKnownFileType = sourcecode.cpp.cpp; path = Checking.cpp; sourceTree = "<group>"; };
		52C2EC4524CB801900A32784 /* Saving.cpp */ = {isa = PBXFileReference; lastKnownFileType = sourcecode.cpp.cpp; path = Saving.cpp; sourceTree = "<group>"; };
		52C2EC4724CB802200A32784 /* Trust.cpp */ = {isa = PBXFileReference; lastKnownFileType = sourcecode.cpp.cpp; path = Trust.cpp; sourceTree = "<group>"; };
/* End PBXFileReference section */

/* Begin PBXFrameworksBuildPhase section */
		52C2EC3024CB7F7200A32784 /* Frameworks */ = {
			isa = PBXFrameworksBuildPhase;
			buildActionMask = 2147483647;
			files = (
			);
			runOnlyForDeploymentPostprocessing = 0;
		};
/* End PBXFrameworksBuildPhase section */

/* Begin PBXGroup section */
		52C2EC2A24CB7F7200A32784 = {
			isa = PBXGroup;
			children = (
				52C2EC3524CB7F7200A32784 /* 13.1-Virtual */,
				52C2EC3424CB7F7200A32784 /* Products */,
			);
			sourceTree = "<group>";
		};
		52C2EC3424CB7F7200A32784 /* Products */ = {
			isa = PBXGroup;
			children = (
				52C2EC3324CB7F7200A32784 /* 13.1-Virtual */,
			);
			name = Products;
			sourceTree = "<group>";
		};
		52C2EC3524CB7F7200A32784 /* 13.1-Virtual */ = {
			isa = PBXGroup;
			children = (
				52C2EC3624CB7F7200A32784 /* main.cpp */,
				52C2EC3D24CB7FE000A32784 /* Account.h */,
				52C2EC3E24CB7FEC00A32784 /* Checking.h */,
				52C2EC3F24CB7FF500A32784 /* Saving.h */,
				52C2EC4024CB7FFC00A32784 /* Trust.h */,
				52C2EC4124CB800600A32784 /* Account.cpp */,
				52C2EC4324CB801000A32784 /* Checking.cpp */,
				52C2EC4524CB801900A32784 /* Saving.cpp */,
				52C2EC4724CB802200A32784 /* Trust.cpp */,
			);
			path = "13.1-Virtual";
			sourceTree = "<group>";
		};
/* End PBXGroup section */

/* Begin PBXNativeTarget section */
		52C2EC3224CB7F7200A32784 /* 13.1-Virtual */ = {
			isa = PBXNativeTarget;
			buildConfigurationList = 52C2EC3A24CB7F7200A32784 /* Build configuration list for PBXNativeTarget "13.1-Virtual" */;
			buildPhases = (
				52C2EC2F24CB7F7200A32784 /* Sources */,
				52C2EC3024CB7F7200A32784 /* Frameworks */,
				52C2EC3124CB7F7200A32784 /* CopyFiles */,
			);
			buildRules = (
			);
			dependencies = (
			);
			name = "13.1-Virtual";
			productName = "13.1-Virtual";
			productReference = 52C2EC3324CB7F7200A32784 /* 13.1-Virtual */;
			productType = "com.apple.product-type.tool";
		};
/* End PBXNativeTarget section */

/* Begin PBXProject section */
		52C2EC2B24CB7F7200A32784 /* Project object */ = {
			isa = PBXProject;
			attributes = {
				LastUpgradeCheck = 1130;
				ORGANIZATIONNAME = "Cong Anh Nguyen";
				TargetAttributes = {
					52C2EC3224CB7F7200A32784 = {
						CreatedOnToolsVersion = 11.3.1;
					};
				};
			};
			buildConfigurationList = 52C2EC2E24CB7F7200A32784 /* Build configuration list for PBXProject "13.1-Virtual" */;
			compatibilityVersion = "Xcode 9.3";
			developmentRegion = en;
			hasScannedForEncodings = 0;
			knownRegions = (
				en,
				Base,
			);
			mainGroup = 52C2EC2A24CB7F7200A32784;
			productRefGroup = 52C2EC3424CB7F7200A32784 /* Products */;
			projectDirPath = "";
			projectRoot = "";
			targets = (
				52C2EC3224CB7F7200A32784 /* 13.1-Virtual */,
			);
		};
/* End PBXProject section */

/* Begin PBXSourcesBuildPhase section */
		52C2EC2F24CB7F7200A32784 /* Sources */ = {
			isa = PBXSourcesBuildPhase;
			buildActionMask = 2147483647;
			files = (
				52C2EC3724CB7F7200A32784 /* main.cpp in Sources */,
				52C2EC4224CB800600A32784 /* Account.cpp in Sources */,
				52C2EC4424CB801000A32784 /* Checking.cpp in Sources */,
				52C2EC4624CB801900A32784 /* Saving.cpp in Sources */,
				52C2EC4824CB802200A32784 /* Trust.cpp in Sources */,
			);
			runOnlyForDeploymentPostprocessing = 0;
		};
/* End PBXSourcesBuildPhase section */

/* Begin XCBuildConfiguration section */
		52C2EC3824CB7F7200A32784 /* Debug */ = {
			isa = XCBuildConfiguration;
			buildSettings = {
				ALWAYS_SEARCH_USER_PATHS = NO;
				CLANG_ANALYZER_NONNULL = YES;
				CLANG_ANALYZER_NUMBER_OBJECT_CONVERSION = YES_AGGRESSIVE;
				CLANG_CXX_LANGUAGE_STANDARD = "gnu++14";
				CLANG_CXX_LIBRARY = "libc++";
				CLANG_ENABLE_MODULES = YES;
				CLANG_ENABLE_OBJC_ARC = YES;
				CLANG_ENABLE_OBJC_WEAK = YES;
				CLANG_WARN_BLOCK_CAPTURE_AUTORELEASING = YES;
				CLANG_WARN_BOOL_CONVERSION = YES;
				CLANG_WARN_COMMA = YES;
				CLANG_WARN_CONSTANT_CONVERSION = YES;
				CLANG_WARN_DEPRECATED_OBJC_IMPLEMENTATIONS = YES;
				CLANG_WARN_DIRECT_OBJC_ISA_USAGE = YES_ERROR;
				CLANG_WARN_DOCUMENTATION_COMMENTS = YES;
				CLANG_WARN_EMPTY_BODY = YES;
				CLANG_WARN_ENUM_CONVERSION = YES;
				CLANG_WARN_INFINITE_RECURSION = YES;
				CLANG_WARN_INT_CONVERSION = YES;
				CLANG_WARN_NON_LITERAL_NULL_CONVERSION = YES;
				CLANG_WARN_OBJC_IMPLICIT_RETAIN_SELF = YES;
				CLANG_WARN_OBJC_LITERAL_CONVERSION = YES;
				CLANG_WARN_OBJC_ROOT_CLASS = YES_ERROR;
				CLANG_WARN_RANGE_LOOP_ANALYSIS = YES;
				CLANG_WARN_STRICT_PROTOTYPES = YES;
				CLANG_WARN_SUSPICIOUS_MOVE = YES;
				CLANG_WARN_UNGUARDED_AVAILABILITY = YES_AGGRESSIVE;
				CLANG_WARN_UNREACHABLE_CODE = YES;
				CLANG_WARN__DUPLICATE_METHOD_MATCH = YES;
				COPY_PHASE_STRIP = NO;
				DEBUG_INFORMATION_FORMAT = dwarf;
				ENABLE_STRICT_OBJC_MSGSEND = YES;
				ENABLE_TESTABILITY = YES;
				GCC_C_LANGUAGE_STANDARD = gnu11;
				GCC_DYNAMIC_NO_PIC = NO;
				GCC_NO_COMMON_BLOCKS = YES;
				GCC_OPTIMIZATION_LEVEL = 0;
				GCC_PREPROCESSOR_DEFINITIONS = (
					"DEBUG=1",
					"$(inherited)",
				);
				GCC_WARN_64_TO_32_BIT_CONVERSION = YES;
				GCC_WARN_ABOUT_RETURN_TYPE = YES_ERROR;
				GCC_WARN_UNDECLARED_SELECTOR = YES;
				GCC_WARN_UNINITIALIZED_AUTOS = YES_AGGRESSIVE;
				GCC_WARN_UNUSED_FUNCTION = YES;
				GCC_WARN_UNUSED_VARIABLE = YES;
				MACOSX_DEPLOYMENT_TARGET = 10.14;
				MTL_ENABLE_DEBUG_INFO = INCLUDE_SOURCE;
				MTL_FAST_MATH = YES;
				ONLY_ACTIVE_ARCH = YES;
				SDKROOT = macosx;
			};
			name = Debug;
		};
		52C2EC3924CB7F7200A32784 /* Release */ = {
			isa = XCBuildConfiguration;
			buildSettings = {
				ALWAYS_SEARCH_USER_PATHS = NO;
				CLANG_ANALYZER_NONNULL = YES;
				CLANG_ANALYZER_NUMBER_OBJECT_CONVERSION = YES_AGGRESSIVE;
				CLANG_CXX_LANGUAGE_STANDARD = "gnu++14";
				CLANG_CXX_LIBRARY = "libc++";
				CLANG_ENABLE_MODULES = YES;
				CLANG_ENABLE_OBJC_ARC = YES;
				CLANG_ENABLE_OBJC_WEAK = YES;
				CLANG_WARN_BLOCK_CAPTURE_AUTORELEASING = YES;
				CLANG_WARN_BOOL_CONVERSION = YES;
				CLANG_WARN_COMMA = YES;
				CLANG_WARN_CONSTANT_CONVERSION = YES;
				CLANG_WARN_DEPRECATED_OBJC_IMPLEMENTATIONS = YES;
				CLANG_WARN_DIRECT_OBJC_ISA_USAGE = YES_ERROR;
				CLANG_WARN_DOCUMENTATION_COMMENTS = YES;
				CLANG_WARN_EMPTY_BODY = YES;
				CLANG_WARN_ENUM_CONVERSION = YES;
				CLANG_WARN_INFINITE_RECURSION = YES;
				CLANG_WARN_INT_CONVERSION = YES;
				CLANG_WARN_NON_LITERAL_NULL_CONVERSION = YES;
				CLANG_WARN_OBJC_IMPLICIT_RETAIN_SELF = YES;
				CLANG_WARN_OBJC_LITERAL_CONVERSION = YES;
				CLANG_WARN_OBJC_ROOT_CLASS = YES_ERROR;
				CLANG_WARN_RANGE_LOOP_ANALYSIS = YES;
				CLANG_WARN_STRICT_PROTOTYPES = YES;
				CLANG_WARN_SUSPICIOUS_MOVE = YES;
				CLANG_WARN_UNGUARDED_AVAILABILITY = YES_AGGRESSIVE;
				CLANG_WARN_UNREACHABLE_CODE = YES;
				CLANG_WARN__DUPLICATE_METHOD_MATCH = YES;
				COPY_PHASE_STRIP = NO;
				DEBUG_INFORMATION_FORMAT = "dwarf-with-dsym";
				ENABLE_NS_ASSERTIONS = NO;
				ENABLE_STRICT_OBJC_MSGSEND = YES;
				GCC_C_LANGUAGE_STANDARD = gnu11;
				GCC_NO_COMMON_BLOCKS = YES;
				GCC_WARN_64_TO_32_BIT_CONVERSION = YES;
				GCC_WARN_ABOUT_RETURN_TYPE = YES_ERROR;
				GCC_WARN_UNDECLARED_SELECTOR = YES;
				GCC_WARN_UNINITIALIZED_AUTOS = YES_AGGRESSIVE;
				GCC_WARN_UNUSED_FUNCTION = YES;
				GCC_WARN_UNUSED_VARIABLE = YES;
				MACOSX_DEPLOYMENT_TARGET = 10.14;
				MTL_ENABLE_DEBUG_INFO = NO;
				MTL_FAST_MATH = YES;
				SDKROOT = macosx;
			};
			name = Release;
		};
		52C2EC3B24CB7F7200A32784 /* Debug */ = {
			isa = XCBuildConfiguration;
			buildSettings = {
				CODE_SIGN_STYLE = Automatic;
				PRODUCT_NAME = "$(TARGET_NAME)";
			};
			name = Debug;
		};
		52C2EC3C24CB7F7200A32784 /* Release */ = {
			isa = XCBuildConfiguration;
			buildSettings = {
				CODE_SIGN_STYLE = Automatic;
				PRODUCT_NAME = "$(TARGET_NAME)";
			};
			name = Release;
		};
/* End XCBuildConfiguration section */

/* Begin XCConfigurationList section */
		52C2EC2E24CB7F7200A32784 /* Build configuration list for PBXProject "13.1-Virtual" */ = {
			isa = XCConfigurationList;
			buildConfigurations = (
				52C2EC3824CB7F7200A32784 /* Debug */,
				52C2EC3924CB7F7200A32784 /* Release */,
			);
			defaultConfigurationIsVisible = 0;
			defaultConfigurationName = Release;
		};
		52C2EC3A24CB7F7200A32784 /* Build configuration list for PBXNativeTarget "13.1-Virtual" */ = {
			isa = XCConfigurationList;
			buildConfigurations = (
				52C2EC3B24CB7F7200A32784 /* Debug */,
				52C2EC3C24CB7F7200A32784 /* Release */,
			);
			defaultConfigurationIsVisible = 0;
			defaultConfigurationName = Release;
		};
/* End XCConfigurationList section */
	};
	rootObject = 52C2EC2B24CB7F7200A32784 /* Project object */;
}
