// !$*UTF8*$!
{
	archiveVersion = 1;
	classes = {
	};
	objectVersion = 50;
	objects = {

/* Begin PBXBuildFile section */
		5212BF7724CC3D6800731EF1 /* main.cpp in Sources */ = {isa = PBXBuildFile; fileRef = 5212BF7624CC3D6800731EF1 /* main.cpp */; };
		5212BF8524CC3E6200731EF1 /* Checking.cpp in Sources */ = {isa = PBXBuildFile; fileRef = 5212BF7D24CC3E6100731EF1 /* Checking.cpp */; };
		5212BF8624CC3E6200731EF1 /* Saving.cpp in Sources */ = {isa = PBXBuildFile; fileRef = 5212BF7E24CC3E6100731EF1 /* Saving.cpp */; };
		5212BF8724CC3E6200731EF1 /* Trust.cpp in Sources */ = {isa = PBXBuildFile; fileRef = 5212BF8024CC3E6200731EF1 /* Trust.cpp */; };
		5212BF8824CC3E6200731EF1 /* Account.cpp in Sources */ = {isa = PBXBuildFile; fileRef = 5212BF8124CC3E6200731EF1 /* Account.cpp */; };
		5212BF8B24CC40D700731EF1 /* I_Printable.cpp in Sources */ = {isa = PBXBuildFile; fileRef = 5212BF8A24CC40D700731EF1 /* I_Printable.cpp */; };
/* End PBXBuildFile section */

/* Begin PBXCopyFilesBuildPhase section */
		5212BF7124CC3D6800731EF1 /* CopyFiles */ = {
			isa = PBXCopyFilesBuildPhase;
			buildActionMask = 2147483647;
			dstPath = /usr/share/man/man1/;
			dstSubfolderSpec = 0;
			files = (
			);
			runOnlyForDeploymentPostprocessing = 1;
		};
/* End PBXCopyFilesBuildPhase section */

/* Begin PBXFileReference section */
		5212BF7324CC3D6800731EF1 /* 13.4-Interfaces */ = {isa = PBXFileReference; explicitFileType = "compiled.mach-o.executable"; includeInIndex = 0; path = "13.4-Interfaces"; sourceTree = BUILT_PRODUCTS_DIR; };
		5212BF7624CC3D6800731EF1 /* main.cpp */ = {isa = PBXFileReference; lastKnownFileType = sourcecode.cpp.cpp; path = main.cpp; sourceTree = "<group>"; };
		5212BF7D24CC3E6100731EF1 /* Checking.cpp */ = {isa = PBXFileReference; fileEncoding = 4; lastKnownFileType = sourcecode.cpp.cpp; path = Checking.cpp; sourceTree = "<group>"; };
		5212BF7E24CC3E6100731EF1 /* Saving.cpp */ = {isa = PBXFileReference; fileEncoding = 4; lastKnownFileType = sourcecode.cpp.cpp; path = Saving.cpp; sourceTree = "<group>"; };
		5212BF7F24CC3E6100731EF1 /* Account.h */ = {isa = PBXFileReference; fileEncoding = 4; lastKnownFileType = sourcecode.c.h; path = Account.h; sourceTree = "<group>"; };
		5212BF8024CC3E6200731EF1 /* Trust.cpp */ = {isa = PBXFileReference; fileEncoding = 4; lastKnownFileType = sourcecode.cpp.cpp; path = Trust.cpp; sourceTree = "<group>"; };
		5212BF8124CC3E6200731EF1 /* Account.cpp */ = {isa = PBXFileReference; fileEncoding = 4; lastKnownFileType = sourcecode.cpp.cpp; path = Account.cpp; sourceTree = "<group>"; };
		5212BF8224CC3E6200731EF1 /* Trust.h */ = {isa = PBXFileReference; fileEncoding = 4; lastKnownFileType = sourcecode.c.h; path = Trust.h; sourceTree = "<group>"; };
		5212BF8324CC3E6200731EF1 /* Saving.h */ = {isa = PBXFileReference; fileEncoding = 4; lastKnownFileType = sourcecode.c.h; path = Saving.h; sourceTree = "<group>"; };
		5212BF8424CC3E6200731EF1 /* Checking.h */ = {isa = PBXFileReference; fileEncoding = 4; lastKnownFileType = sourcecode.c.h; path = Checking.h; sourceTree = "<group>"; };
		5212BF8924CC40CB00731EF1 /* I_Printable.h */ = {isa = PBXFileReference; lastKnownFileType = sourcecode.c.h; path = I_Printable.h; sourceTree = "<group>"; };
		5212BF8A24CC40D700731EF1 /* I_Printable.cpp */ = {isa = PBXFileReference; lastKnownFileType = sourcecode.cpp.cpp; path = I_Printable.cpp; sourceTree = "<group>"; };
/* End PBXFileReference section */

/* Begin PBXFrameworksBuildPhase section */
		5212BF7024CC3D6800731EF1 /* Frameworks */ = {
			isa = PBXFrameworksBuildPhase;
			buildActionMask = 2147483647;
			files = (
			);
			runOnlyForDeploymentPostprocessing = 0;
		};
/* End PBXFrameworksBuildPhase section */

/* Begin PBXGroup section */
		5212BF6A24CC3D6800731EF1 = {
			isa = PBXGroup;
			children = (
				5212BF7524CC3D6800731EF1 /* 13.4-Interfaces */,
				5212BF7424CC3D6800731EF1 /* Products */,
			);
			sourceTree = "<group>";
		};
		5212BF7424CC3D6800731EF1 /* Products */ = {
			isa = PBXGroup;
			children = (
				5212BF7324CC3D6800731EF1 /* 13.4-Interfaces */,
			);
			name = Products;
			sourceTree = "<group>";
		};
		5212BF7524CC3D6800731EF1 /* 13.4-Interfaces */ = {
			isa = PBXGroup;
			children = (
				5212BF7624CC3D6800731EF1 /* main.cpp */,
				5212BF8124CC3E6200731EF1 /* Account.cpp */,
				5212BF7F24CC3E6100731EF1 /* Account.h */,
				5212BF7D24CC3E6100731EF1 /* Checking.cpp */,
				5212BF8424CC3E6200731EF1 /* Checking.h */,
				5212BF7E24CC3E6100731EF1 /* Saving.cpp */,
				5212BF8324CC3E6200731EF1 /* Saving.h */,
				5212BF8024CC3E6200731EF1 /* Trust.cpp */,
				5212BF8224CC3E6200731EF1 /* Trust.h */,
				5212BF8924CC40CB00731EF1 /* I_Printable.h */,
				5212BF8A24CC40D700731EF1 /* I_Printable.cpp */,
			);
			path = "13.4-Interfaces";
			sourceTree = "<group>";
		};
/* End PBXGroup section */

/* Begin PBXNativeTarget section */
		5212BF7224CC3D6800731EF1 /* 13.4-Interfaces */ = {
			isa = PBXNativeTarget;
			buildConfigurationList = 5212BF7A24CC3D6800731EF1 /* Build configuration list for PBXNativeTarget "13.4-Interfaces" */;
			buildPhases = (
				5212BF6F24CC3D6800731EF1 /* Sources */,
				5212BF7024CC3D6800731EF1 /* Frameworks */,
				5212BF7124CC3D6800731EF1 /* CopyFiles */,
			);
			buildRules = (
			);
			dependencies = (
			);
			name = "13.4-Interfaces";
			productName = "13.4-Interfaces";
			productReference = 5212BF7324CC3D6800731EF1 /* 13.4-Interfaces */;
			productType = "com.apple.product-type.tool";
		};
/* End PBXNativeTarget section */

/* Begin PBXProject section */
		5212BF6B24CC3D6800731EF1 /* Project object */ = {
			isa = PBXProject;
			attributes = {
				LastUpgradeCheck = 1130;
				ORGANIZATIONNAME = "Cong Anh Nguyen";
				TargetAttributes = {
					5212BF7224CC3D6800731EF1 = {
						CreatedOnToolsVersion = 11.3.1;
					};
				};
			};
			buildConfigurationList = 5212BF6E24CC3D6800731EF1 /* Build configuration list for PBXProject "13.4-Interfaces" */;
			compatibilityVersion = "Xcode 9.3";
			developmentRegion = en;
			hasScannedForEncodings = 0;
			knownRegions = (
				en,
				Base,
			);
			mainGroup = 5212BF6A24CC3D6800731EF1;
			productRefGroup = 5212BF7424CC3D6800731EF1 /* Products */;
			projectDirPath = "";
			projectRoot = "";
			targets = (
				5212BF7224CC3D6800731EF1 /* 13.4-Interfaces */,
			);
		};
/* End PBXProject section */

/* Begin PBXSourcesBuildPhase section */
		5212BF6F24CC3D6800731EF1 /* Sources */ = {
			isa = PBXSourcesBuildPhase;
			buildActionMask = 2147483647;
			files = (
				5212BF8724CC3E6200731EF1 /* Trust.cpp in Sources */,
				5212BF8824CC3E6200731EF1 /* Account.cpp in Sources */,
				5212BF7724CC3D6800731EF1 /* main.cpp in Sources */,
				5212BF8524CC3E6200731EF1 /* Checking.cpp in Sources */,
				5212BF8624CC3E6200731EF1 /* Saving.cpp in Sources */,
				5212BF8B24CC40D700731EF1 /* I_Printable.cpp in Sources */,
			);
			runOnlyForDeploymentPostprocessing = 0;
		};
/* End PBXSourcesBuildPhase section */

/* Begin XCBuildConfiguration section */
		5212BF7824CC3D6800731EF1 /* Debug */ = {
			isa = XCBuildConfiguration;
			buildSettings = {
				ALWAYS_SEARCH_USER_PATHS = NO;
				CLANG_ANALYZER_NONNULL = YES;
				CLANG_ANALYZER_NUMBER_OBJECT_CONVERSION = YES_AGGRESSIVE;
				CLANG_CXX_LANGUAGE_STANDARD = "gnu++14";
				CLANG_CXX_LIBRARY = "libc++";
				CLANG_ENABLE_MODULES = YES;
				CLANG_ENABLE_OBJC_ARC = YES;
				CLANG_ENABLE_OBJC_WEAK = YES;
				CLANG_WARN_BLOCK_CAPTURE_AUTORELEASING = YES;
				CLANG_WARN_BOOL_CONVERSION = YES;
				CLANG_WARN_COMMA = YES;
				CLANG_WARN_CONSTANT_CONVERSION = YES;
				CLANG_WARN_DEPRECATED_OBJC_IMPLEMENTATIONS = YES;
				CLANG_WARN_DIRECT_OBJC_ISA_USAGE = YES_ERROR;
				CLANG_WARN_DOCUMENTATION_COMMENTS = YES;
				CLANG_WARN_EMPTY_BODY = YES;
				CLANG_WARN_ENUM_CONVERSION = YES;
				CLANG_WARN_INFINITE_RECURSION = YES;
				CLANG_WARN_INT_CONVERSION = YES;
				CLANG_WARN_NON_LITERAL_NULL_CONVERSION = YES;
				CLANG_WARN_OBJC_IMPLICIT_RETAIN_SELF = YES;
				CLANG_WARN_OBJC_LITERAL_CONVERSION = YES;
				CLANG_WARN_OBJC_ROOT_CLASS = YES_ERROR;
				CLANG_WARN_RANGE_LOOP_ANALYSIS = YES;
				CLANG_WARN_STRICT_PROTOTYPES = YES;
				CLANG_WARN_SUSPICIOUS_MOVE = YES;
				CLANG_WARN_UNGUARDED_AVAILABILITY = YES_AGGRESSIVE;
				CLANG_WARN_UNREACHABLE_CODE = YES;
				CLANG_WARN__DUPLICATE_METHOD_MATCH = YES;
				COPY_PHASE_STRIP = NO;
				DEBUG_INFORMATION_FORMAT = dwarf;
				ENABLE_STRICT_OBJC_MSGSEND = YES;
				ENABLE_TESTABILITY = YES;
				GCC_C_LANGUAGE_STANDARD = gnu11;
				GCC_DYNAMIC_NO_PIC = NO;
				GCC_NO_COMMON_BLOCKS = YES;
				GCC_OPTIMIZATION_LEVEL = 0;
				GCC_PREPROCESSOR_DEFINITIONS = (
					"DEBUG=1",
					"$(inherited)",
				);
				GCC_WARN_64_TO_32_BIT_CONVERSION = YES;
				GCC_WARN_ABOUT_RETURN_TYPE = YES_ERROR;
				GCC_WARN_UNDECLARED_SELECTOR = YES;
				GCC_WARN_UNINITIALIZED_AUTOS = YES_AGGRESSIVE;
				GCC_WARN_UNUSED_FUNCTION = YES;
				GCC_WARN_UNUSED_VARIABLE = YES;
				MACOSX_DEPLOYMENT_TARGET = 10.14;
				MTL_ENABLE_DEBUG_INFO = INCLUDE_SOURCE;
				MTL_FAST_MATH = YES;
				ONLY_ACTIVE_ARCH = YES;
				SDKROOT = macosx;
			};
			name = Debug;
		};
		5212BF7924CC3D6800731EF1 /* Release */ = {
			isa = XCBuildConfiguration;
			buildSettings = {
				ALWAYS_SEARCH_USER_PATHS = NO;
				CLANG_ANALYZER_NONNULL = YES;
				CLANG_ANALYZER_NUMBER_OBJECT_CONVERSION = YES_AGGRESSIVE;
				CLANG_CXX_LANGUAGE_STANDARD = "gnu++14";
				CLANG_CXX_LIBRARY = "libc++";
				CLANG_ENABLE_MODULES = YES;
				CLANG_ENABLE_OBJC_ARC = YES;
				CLANG_ENABLE_OBJC_WEAK = YES;
				CLANG_WARN_BLOCK_CAPTURE_AUTORELEASING = YES;
				CLANG_WARN_BOOL_CONVERSION = YES;
				CLANG_WARN_COMMA = YES;
				CLANG_WARN_CONSTANT_CONVERSION = YES;
				CLANG_WARN_DEPRECATED_OBJC_IMPLEMENTATIONS = YES;
				CLANG_WARN_DIRECT_OBJC_ISA_USAGE = YES_ERROR;
				CLANG_WARN_DOCUMENTATION_COMMENTS = YES;
				CLANG_WARN_EMPTY_BODY = YES;
				CLANG_WARN_ENUM_CONVERSION = YES;
				CLANG_WARN_INFINITE_RECURSION = YES;
				CLANG_WARN_INT_CONVERSION = YES;
				CLANG_WARN_NON_LITERAL_NULL_CONVERSION = YES;
				CLANG_WARN_OBJC_IMPLICIT_RETAIN_SELF = YES;
				CLANG_WARN_OBJC_LITERAL_CONVERSION = YES;
				CLANG_WARN_OBJC_ROOT_CLASS = YES_ERROR;
				CLANG_WARN_RANGE_LOOP_ANALYSIS = YES;
				CLANG_WARN_STRICT_PROTOTYPES = YES;
				CLANG_WARN_SUSPICIOUS_MOVE = YES;
				CLANG_WARN_UNGUARDED_AVAILABILITY = YES_AGGRESSIVE;
				CLANG_WARN_UNREACHABLE_CODE = YES;
				CLANG_WARN__DUPLICATE_METHOD_MATCH = YES;
				COPY_PHASE_STRIP = NO;
				DEBUG_INFORMATION_FORMAT = "dwarf-with-dsym";
				ENABLE_NS_ASSERTIONS = NO;
				ENABLE_STRICT_OBJC_MSGSEND = YES;
				GCC_C_LANGUAGE_STANDARD = gnu11;
				GCC_NO_COMMON_BLOCKS = YES;
				GCC_WARN_64_TO_32_BIT_CONVERSION = YES;
				GCC_WARN_ABOUT_RETURN_TYPE = YES_ERROR;
				GCC_WARN_UNDECLARED_SELECTOR = YES;
				GCC_WARN_UNINITIALIZED_AUTOS = YES_AGGRESSIVE;
				GCC_WARN_UNUSED_FUNCTION = YES;
				GCC_WARN_UNUSED_VARIABLE = YES;
				MACOSX_DEPLOYMENT_TARGET = 10.14;
				MTL_ENABLE_DEBUG_INFO = NO;
				MTL_FAST_MATH = YES;
				SDKROOT = macosx;
			};
			name = Release;
		};
		5212BF7B24CC3D6800731EF1 /* Debug */ = {
			isa = XCBuildConfiguration;
			buildSettings = {
				CODE_SIGN_STYLE = Automatic;
				PRODUCT_NAME = "$(TARGET_NAME)";
			};
			name = Debug;
		};
		5212BF7C24CC3D6800731EF1 /* Release */ = {
			isa = XCBuildConfiguration;
			buildSettings = {
				CODE_SIGN_STYLE = Automatic;
				PRODUCT_NAME = "$(TARGET_NAME)";
			};
			name = Release;
		};
/* End XCBuildConfiguration section */

/* Begin XCConfigurationList section */
		5212BF6E24CC3D6800731EF1 /* Build configuration list for PBXProject "13.4-Interfaces" */ = {
			isa = XCConfigurationList;
			buildConfigurations = (
				5212BF7824CC3D6800731EF1 /* Debug */,
				5212BF7924CC3D6800731EF1 /* Release */,
			);
			defaultConfigurationIsVisible = 0;
			defaultConfigurationName = Release;
		};
		5212BF7A24CC3D6800731EF1 /* Build configuration list for PBXNativeTarget "13.4-Interfaces" */ = {
			isa = XCConfigurationList;
			buildConfigurations = (
				5212BF7B24CC3D6800731EF1 /* Debug */,
				5212BF7C24CC3D6800731EF1 /* Release */,
			);
			defaultConfigurationIsVisible = 0;
			defaultConfigurationName = Release;
		};
/* End XCConfigurationList section */
	};
	rootObject = 5212BF6B24CC3D6800731EF1 /* Project object */;
}
